PODS:
  - ASJExpandableTextView (0.4)
  - BFKit (1.9.2)
  - GoogleMaps (2.1.0):
    - GoogleMaps/Maps (= 2.1.0)
  - GoogleMaps/Base (2.1.0)
  - GoogleMaps/Maps (2.1.0):
    - GoogleMaps/Base (= 2.1.0)
  - MagicalRecord (2.3.2):
    - MagicalRecord/Core (= 2.3.2)
  - MagicalRecord/Core (2.3.2)
  - Masonry (1.0.2)

DEPENDENCIES:
  - ASJExpandableTextView
  - BFKit
  - GoogleMaps (= 2.1.0)
  - MagicalRecord
  - Masonry (from `https://github.com/Masonry/Masonry.git`, branch `master`)

EXTERNAL SOURCES:
  Masonry:
    :branch: master
    :git: https://github.com/Masonry/Masonry.git

CHECKOUT OPTIONS:
  Masonry:
    :commit: 7a59f9c3ef0ff1ff2213bba2e23f955d7a733a73
    :git: https://github.com/Masonry/Masonry.git

SPEC CHECKSUMS:
  ASJExpandableTextView: bfc429e37d4835e628127d3aa09a5e6971e9bfe4
  BFKit: c8f1a85a04f8d350089da8693806a472d475d1f8
  GoogleMaps: 06589b9a38097bce0cd6e90f0fd9b5e4b4a9344c
  MagicalRecord: 53bed74b4323b930992a725be713e53b37d19755
  Masonry: 7c429b56da9d4ee0bbb3ed77a5ea710d6a5df39e

COCOAPODS: 0.39.0
